
Microsoft Visual Studio Solution File, Format Version 12.00
# Visual Studio Version 17
VisualStudioVersion = 17.14.36811.4 d17.14
MinimumVisualStudioVersion = 10.0.40219.1
Project("{FAE04EC0-301F-11D3-BF4B-00C04F79EFBC}") = "ConsoleApp21", "ConsoleApp21\ConsoleApp21.csproj", "{6BAA1D9B-DB49-4F78-AE1D-2350140C85B6}"
EndProject
Global
	GlobalSection(SolutionConfigurationPlatforms) = preSolution
		Debug|Any CPU = Debug|Any CPU
		Release|Any CPU = Release|Any CPU
	EndGlobalSection
	GlobalSection(ProjectConfigurationPlatforms) = postSolution
		{6BAA1D9B-DB49-4F78-AE1D-2350140C85B6}.Debug|Any CPU.ActiveCfg = Debug|Any CPU
		{6BAA1D9B-DB49-4F78-AE1D-2350140C85B6}.Debug|Any CPU.Build.0 = Debug|Any CPU
		{6BAA1D9B-DB49-4F78-AE1D-2350140C85B6}.Release|Any CPU.ActiveCfg = Release|Any CPU
		{6BAA1D9B-DB49-4F78-AE1D-2350140C85B6}.Release|Any CPU.Build.0 = Release|Any CPU
	EndGlobalSection
	GlobalSection(SolutionProperties) = preSolution
		HideSolutionNode = FALSE
	EndGlobalSection
	GlobalSection(ExtensibilityGlobals) = postSolution
		SolutionGuid = {42D2A0F9-B009-47B2-A7D6-A718E6FB4E07}
	EndGlobalSection
EndGlobal
