
Microsoft Visual Studio Solution File, Format Version 12.00
# Visual Studio Version 17
VisualStudioVersion = 17.14.36811.4 d17.14
MinimumVisualStudioVersion = 10.0.40219.1
Project("{FAE04EC0-301F-11D3-BF4B-00C04F79EFBC}") = "0108 복습게임만들기", "0108 복습게임만들기\0108 복습게임만들기.csproj", "{465E423F-A0B9-4426-A258-813F46819799}"
EndProject
Global
	GlobalSection(SolutionConfigurationPlatforms) = preSolution
		Debug|Any CPU = Debug|Any CPU
		Release|Any CPU = Release|Any CPU
	EndGlobalSection
	GlobalSection(ProjectConfigurationPlatforms) = postSolution
		{465E423F-A0B9-4426-A258-813F46819799}.Debug|Any CPU.ActiveCfg = Debug|Any CPU
		{465E423F-A0B9-4426-A258-813F46819799}.Debug|Any CPU.Build.0 = Debug|Any CPU
		{465E423F-A0B9-4426-A258-813F46819799}.Release|Any CPU.ActiveCfg = Release|Any CPU
		{465E423F-A0B9-4426-A258-813F46819799}.Release|Any CPU.Build.0 = Release|Any CPU
	EndGlobalSection
	GlobalSection(SolutionProperties) = preSolution
		HideSolutionNode = FALSE
	EndGlobalSection
	GlobalSection(ExtensibilityGlobals) = postSolution
		SolutionGuid = {9BB7EB28-00E5-4716-A830-29829816A931}
	EndGlobalSection
EndGlobal
