
Microsoft Visual Studio Solution File, Format Version 12.00
# Visual Studio Version 17
VisualStudioVersion = 17.14.36811.4 d17.14
MinimumVisualStudioVersion = 10.0.40219.1
Project("{FAE04EC0-301F-11D3-BF4B-00C04F79EFBC}") = "ConsoleApp35", "ConsoleApp35\ConsoleApp35.csproj", "{03BBBF69-1BB5-42EF-B17E-51A7C4E183DC}"
EndProject
Global
	GlobalSection(SolutionConfigurationPlatforms) = preSolution
		Debug|Any CPU = Debug|Any CPU
		Release|Any CPU = Release|Any CPU
	EndGlobalSection
	GlobalSection(ProjectConfigurationPlatforms) = postSolution
		{03BBBF69-1BB5-42EF-B17E-51A7C4E183DC}.Debug|Any CPU.ActiveCfg = Debug|Any CPU
		{03BBBF69-1BB5-42EF-B17E-51A7C4E183DC}.Debug|Any CPU.Build.0 = Debug|Any CPU
		{03BBBF69-1BB5-42EF-B17E-51A7C4E183DC}.Release|Any CPU.ActiveCfg = Release|Any CPU
		{03BBBF69-1BB5-42EF-B17E-51A7C4E183DC}.Release|Any CPU.Build.0 = Release|Any CPU
	EndGlobalSection
	GlobalSection(SolutionProperties) = preSolution
		HideSolutionNode = FALSE
	EndGlobalSection
	GlobalSection(ExtensibilityGlobals) = postSolution
		SolutionGuid = {56B3CB86-F4B9-4EE1-BBE5-FBB2371FF3BE}
	EndGlobalSection
EndGlobal
