
Microsoft Visual Studio Solution File, Format Version 12.00
# Visual Studio Version 17
VisualStudioVersion = 17.14.36811.4 d17.14
MinimumVisualStudioVersion = 10.0.40219.1
Project("{FAE04EC0-301F-11D3-BF4B-00C04F79EFBC}") = "0112 예제문제 풀어보기", "0112 예제문제 풀어보기\0112 예제문제 풀어보기.csproj", "{A63E4E57-E9CA-4E79-83E7-31B1C502FD6A}"
EndProject
Global
	GlobalSection(SolutionConfigurationPlatforms) = preSolution
		Debug|Any CPU = Debug|Any CPU
		Release|Any CPU = Release|Any CPU
	EndGlobalSection
	GlobalSection(ProjectConfigurationPlatforms) = postSolution
		{A63E4E57-E9CA-4E79-83E7-31B1C502FD6A}.Debug|Any CPU.ActiveCfg = Debug|Any CPU
		{A63E4E57-E9CA-4E79-83E7-31B1C502FD6A}.Debug|Any CPU.Build.0 = Debug|Any CPU
		{A63E4E57-E9CA-4E79-83E7-31B1C502FD6A}.Release|Any CPU.ActiveCfg = Release|Any CPU
		{A63E4E57-E9CA-4E79-83E7-31B1C502FD6A}.Release|Any CPU.Build.0 = Release|Any CPU
	EndGlobalSection
	GlobalSection(SolutionProperties) = preSolution
		HideSolutionNode = FALSE
	EndGlobalSection
	GlobalSection(ExtensibilityGlobals) = postSolution
		SolutionGuid = {AC3A795E-AFD4-477D-B102-650074BFC638}
	EndGlobalSection
EndGlobal
