
Microsoft Visual Studio Solution File, Format Version 12.00
# Visual Studio Version 17
VisualStudioVersion = 17.14.36811.4 d17.14
MinimumVisualStudioVersion = 10.0.40219.1
Project("{FAE04EC0-301F-11D3-BF4B-00C04F79EFBC}") = "텍스트RPG", "텍스트RPG\텍스트RPG.csproj", "{9EBD05F7-55BF-48FD-8515-29BC774647AB}"
EndProject
Global
	GlobalSection(SolutionConfigurationPlatforms) = preSolution
		Debug|Any CPU = Debug|Any CPU
		Release|Any CPU = Release|Any CPU
	EndGlobalSection
	GlobalSection(ProjectConfigurationPlatforms) = postSolution
		{9EBD05F7-55BF-48FD-8515-29BC774647AB}.Debug|Any CPU.ActiveCfg = Debug|Any CPU
		{9EBD05F7-55BF-48FD-8515-29BC774647AB}.Debug|Any CPU.Build.0 = Debug|Any CPU
		{9EBD05F7-55BF-48FD-8515-29BC774647AB}.Release|Any CPU.ActiveCfg = Release|Any CPU
		{9EBD05F7-55BF-48FD-8515-29BC774647AB}.Release|Any CPU.Build.0 = Release|Any CPU
	EndGlobalSection
	GlobalSection(SolutionProperties) = preSolution
		HideSolutionNode = FALSE
	EndGlobalSection
	GlobalSection(ExtensibilityGlobals) = postSolution
		SolutionGuid = {6DF1D7E9-370E-418F-8510-39EB8A5D3C3F}
	EndGlobalSection
EndGlobal
